
Microsoft Visual Studio Solution File, Format Version 12.00
# Visual Studio Version 17
VisualStudioVersion = 17.5.33627.172
MinimumVisualStudioVersion = 10.0.40219.1
Project("{2150E333-8FDC-42A3-9474-1A3956D46DE8}") = "src", "src", "{C09FC3CA-B4B4-4BA0-A606-927F2E4179E0}"
EndProject
Project("{2150E333-8FDC-42A3-9474-1A3956D46DE8}") = "Core", "Core", "{7861DBE2-FE9E-4BD7-888D-D7793C896103}"
EndProject
Project("{2150E333-8FDC-42A3-9474-1A3956D46DE8}") = "Infractructure", "Infractructure", "{CA2F6FFF-69B0-49B5-8766-2CD5E4F51F59}"
EndProject
Project("{2150E333-8FDC-42A3-9474-1A3956D46DE8}") = "Presentation", "Presentation", "{C83037F0-FBB7-4D94-BB98-EE5B228664A6}"
EndProject
Project("{2150E333-8FDC-42A3-9474-1A3956D46DE8}") = "Shared", "Shared", "{8267D520-A02A-4CBA-8621-FFE51B91B6C4}"
EndProject
Project("{9A19103F-16F7-4668-BE54-9A1E7A4F7556}") = "QIMSchoolPro.Thesis.Application", "QIMSchoolPro.Thesis.Application\QIMSchoolPro.Thesis.Application.csproj", "{C3461160-B4E4-4CCA-8734-695A83B2EDE3}"
EndProject
Project("{9A19103F-16F7-4668-BE54-9A1E7A4F7556}") = "QIMSchoolPro.Thesis.Domain", "QIMSchoolPro.Thesis.Domain\QIMSchoolPro.Thesis.Domain.csproj", "{C87128E1-9D80-41D7-A159-7F8DDF74D0AD}"
EndProject
Project("{9A19103F-16F7-4668-BE54-9A1E7A4F7556}") = "QIMSchoolPro.Thesis.Processors", "QIMSchoolPro.Thesis.Processors\QIMSchoolPro.Thesis.Processors.csproj", "{C17DF4FA-AF35-4023-BF73-638B4CF48EC2}"
EndProject
Project("{9A19103F-16F7-4668-BE54-9A1E7A4F7556}") = "QIMSchoolPro.Thesis.Infrastructure", "QIMSchoolPro.Thesis.Infrastructure\QIMSchoolPro.Thesis.Infrastructure.csproj", "{120EBC8C-8D41-4FC6-8F11-279210F5F6DB}"
EndProject
Project("{9A19103F-16F7-4668-BE54-9A1E7A4F7556}") = "QIMSchoolPro.Thesis.Persistence", "QIMSchoolPro.Thesis.Persistence\QIMSchoolPro.Thesis.Persistence.csproj", "{E136A334-8F30-4521-8023-56770592E51A}"
EndProject
Project("{9A19103F-16F7-4668-BE54-9A1E7A4F7556}") = "QIMSchoolProThesisService", "QIMSchoolProThesisService\QIMSchoolProThesisService.csproj", "{CB89576B-6B3A-4F5B-AC95-E08DB20C3F5A}"
EndProject
Project("{9A19103F-16F7-4668-BE54-9A1E7A4F7556}") = "Qface.Domain.Shared", "Qface.Domain.Shared\Qface.Domain.Shared.csproj", "{EE99D386-E5EF-4A65-B43C-342125D3D8CF}"
EndProject
Project("{9A19103F-16F7-4668-BE54-9A1E7A4F7556}") = "Qsmart.EventBus.Shared", "Qsmart.EventBus.Shared\Qsmart.EventBus.Shared.csproj", "{4696D995-C92F-42A9-A844-4EA5D9277BB2}"
EndProject
Project("{FAE04EC0-301F-11D3-BF4B-00C04F79EFBC}") = "Qface.Application.Shared", "Qface.Application.Shared\Qface.Application.Shared.csproj", "{7679E021-C72F-4C5A-BDAE-4304AD693157}"
EndProject
Project("{FAE04EC0-301F-11D3-BF4B-00C04F79EFBC}") = "Qface.Persistence.EntityFramework.Extensions", "Qface.Persistence.EntityFramework.Extensions\Qface.Persistence.EntityFramework.Extensions.csproj", "{8681270D-5CE3-497B-8E6E-B7CD6EC50BA0}"
EndProject
Global
	GlobalSection(SolutionConfigurationPlatforms) = preSolution
		Debug|Any CPU = Debug|Any CPU
		Release|Any CPU = Release|Any CPU
	EndGlobalSection
	GlobalSection(ProjectConfigurationPlatforms) = postSolution
		{C3461160-B4E4-4CCA-8734-695A83B2EDE3}.Debug|Any CPU.ActiveCfg = Debug|Any CPU
		{C3461160-B4E4-4CCA-8734-695A83B2EDE3}.Debug|Any CPU.Build.0 = Debug|Any CPU
		{C3461160-B4E4-4CCA-8734-695A83B2EDE3}.Release|Any CPU.ActiveCfg = Release|Any CPU
		{C3461160-B4E4-4CCA-8734-695A83B2EDE3}.Release|Any CPU.Build.0 = Release|Any CPU
		{C87128E1-9D80-41D7-A159-7F8DDF74D0AD}.Debug|Any CPU.ActiveCfg = Debug|Any CPU
		{C87128E1-9D80-41D7-A159-7F8DDF74D0AD}.Debug|Any CPU.Build.0 = Debug|Any CPU
		{C87128E1-9D80-41D7-A159-7F8DDF74D0AD}.Release|Any CPU.ActiveCfg = Release|Any CPU
		{C87128E1-9D80-41D7-A159-7F8DDF74D0AD}.Release|Any CPU.Build.0 = Release|Any CPU
		{C17DF4FA-AF35-4023-BF73-638B4CF48EC2}.Debug|Any CPU.ActiveCfg = Debug|Any CPU
		{C17DF4FA-AF35-4023-BF73-638B4CF48EC2}.Debug|Any CPU.Build.0 = Debug|Any CPU
		{C17DF4FA-AF35-4023-BF73-638B4CF48EC2}.Release|Any CPU.ActiveCfg = Release|Any CPU
		{C17DF4FA-AF35-4023-BF73-638B4CF48EC2}.Release|Any CPU.Build.0 = Release|Any CPU
		{120EBC8C-8D41-4FC6-8F11-279210F5F6DB}.Debug|Any CPU.ActiveCfg = Debug|Any CPU
		{120EBC8C-8D41-4FC6-8F11-279210F5F6DB}.Debug|Any CPU.Build.0 = Debug|Any CPU
		{120EBC8C-8D41-4FC6-8F11-279210F5F6DB}.Release|Any CPU.ActiveCfg = Release|Any CPU
		{120EBC8C-8D41-4FC6-8F11-279210F5F6DB}.Release|Any CPU.Build.0 = Release|Any CPU
		{E136A334-8F30-4521-8023-56770592E51A}.Debug|Any CPU.ActiveCfg = Debug|Any CPU
		{E136A334-8F30-4521-8023-56770592E51A}.Debug|Any CPU.Build.0 = Debug|Any CPU
		{E136A334-8F30-4521-8023-56770592E51A}.Release|Any CPU.ActiveCfg = Release|Any CPU
		{E136A334-8F30-4521-8023-56770592E51A}.Release|Any CPU.Build.0 = Release|Any CPU
		{CB89576B-6B3A-4F5B-AC95-E08DB20C3F5A}.Debug|Any CPU.ActiveCfg = Debug|Any CPU
		{CB89576B-6B3A-4F5B-AC95-E08DB20C3F5A}.Debug|Any CPU.Build.0 = Debug|Any CPU
		{CB89576B-6B3A-4F5B-AC95-E08DB20C3F5A}.Release|Any CPU.ActiveCfg = Release|Any CPU
		{CB89576B-6B3A-4F5B-AC95-E08DB20C3F5A}.Release|Any CPU.Build.0 = Release|Any CPU
		{EE99D386-E5EF-4A65-B43C-342125D3D8CF}.Debug|Any CPU.ActiveCfg = Debug|Any CPU
		{EE99D386-E5EF-4A65-B43C-342125D3D8CF}.Debug|Any CPU.Build.0 = Debug|Any CPU
		{EE99D386-E5EF-4A65-B43C-342125D3D8CF}.Release|Any CPU.ActiveCfg = Release|Any CPU
		{EE99D386-E5EF-4A65-B43C-342125D3D8CF}.Release|Any CPU.Build.0 = Release|Any CPU
		{4696D995-C92F-42A9-A844-4EA5D9277BB2}.Debug|Any CPU.ActiveCfg = Debug|Any CPU
		{4696D995-C92F-42A9-A844-4EA5D9277BB2}.Debug|Any CPU.Build.0 = Debug|Any CPU
		{4696D995-C92F-42A9-A844-4EA5D9277BB2}.Release|Any CPU.ActiveCfg = Release|Any CPU
		{4696D995-C92F-42A9-A844-4EA5D9277BB2}.Release|Any CPU.Build.0 = Release|Any CPU
		{7679E021-C72F-4C5A-BDAE-4304AD693157}.Debug|Any CPU.ActiveCfg = Debug|Any CPU
		{7679E021-C72F-4C5A-BDAE-4304AD693157}.Debug|Any CPU.Build.0 = Debug|Any CPU
		{7679E021-C72F-4C5A-BDAE-4304AD693157}.Release|Any CPU.ActiveCfg = Release|Any CPU
		{7679E021-C72F-4C5A-BDAE-4304AD693157}.Release|Any CPU.Build.0 = Release|Any CPU
		{8681270D-5CE3-497B-8E6E-B7CD6EC50BA0}.Debug|Any CPU.ActiveCfg = Debug|Any CPU
		{8681270D-5CE3-497B-8E6E-B7CD6EC50BA0}.Debug|Any CPU.Build.0 = Debug|Any CPU
		{8681270D-5CE3-497B-8E6E-B7CD6EC50BA0}.Release|Any CPU.ActiveCfg = Release|Any CPU
		{8681270D-5CE3-497B-8E6E-B7CD6EC50BA0}.Release|Any CPU.Build.0 = Release|Any CPU
	EndGlobalSection
	GlobalSection(SolutionProperties) = preSolution
		HideSolutionNode = FALSE
	EndGlobalSection
	GlobalSection(NestedProjects) = preSolution
		{7861DBE2-FE9E-4BD7-888D-D7793C896103} = {C09FC3CA-B4B4-4BA0-A606-927F2E4179E0}
		{CA2F6FFF-69B0-49B5-8766-2CD5E4F51F59} = {C09FC3CA-B4B4-4BA0-A606-927F2E4179E0}
		{C83037F0-FBB7-4D94-BB98-EE5B228664A6} = {C09FC3CA-B4B4-4BA0-A606-927F2E4179E0}
		{8267D520-A02A-4CBA-8621-FFE51B91B6C4} = {C09FC3CA-B4B4-4BA0-A606-927F2E4179E0}
		{C3461160-B4E4-4CCA-8734-695A83B2EDE3} = {7861DBE2-FE9E-4BD7-888D-D7793C896103}
		{C87128E1-9D80-41D7-A159-7F8DDF74D0AD} = {7861DBE2-FE9E-4BD7-888D-D7793C896103}
		{C17DF4FA-AF35-4023-BF73-638B4CF48EC2} = {7861DBE2-FE9E-4BD7-888D-D7793C896103}
		{120EBC8C-8D41-4FC6-8F11-279210F5F6DB} = {CA2F6FFF-69B0-49B5-8766-2CD5E4F51F59}
		{E136A334-8F30-4521-8023-56770592E51A} = {CA2F6FFF-69B0-49B5-8766-2CD5E4F51F59}
		{CB89576B-6B3A-4F5B-AC95-E08DB20C3F5A} = {C83037F0-FBB7-4D94-BB98-EE5B228664A6}
		{EE99D386-E5EF-4A65-B43C-342125D3D8CF} = {8267D520-A02A-4CBA-8621-FFE51B91B6C4}
		{4696D995-C92F-42A9-A844-4EA5D9277BB2} = {8267D520-A02A-4CBA-8621-FFE51B91B6C4}
		{7679E021-C72F-4C5A-BDAE-4304AD693157} = {8267D520-A02A-4CBA-8621-FFE51B91B6C4}
		{8681270D-5CE3-497B-8E6E-B7CD6EC50BA0} = {8267D520-A02A-4CBA-8621-FFE51B91B6C4}
	EndGlobalSection
	GlobalSection(ExtensibilityGlobals) = postSolution
		SolutionGuid = {2C994137-5A3E-451F-8A6E-8F83FC3C0B3D}
	EndGlobalSection
EndGlobal
